
Microsoft Visual Studio Solution File, Format Version 12.00
# Visual Studio Version 16
VisualStudioVersion = 16.3.29503.13
MinimumVisualStudioVersion = 10.0.40219.1
Project("{F184B08F-C81C-45F6-A57F-5ABD9991F28F}") = "FF2", "FF2\FF2.vbproj", "{7EC5190D-9418-40C8-80DA-8F684BDC8150}"
EndProject
Project("{F184B08F-C81C-45F6-A57F-5ABD9991F28F}") = "FaarFieldModel", "FaarFieldModel\FaarFieldModel.vbproj", "{F9D10D5E-DCFB-4393-B95B-EF6B57CE54FC}"
EndProject
Project("{F184B08F-C81C-45F6-A57F-5ABD9991F28F}") = "FaarFieldAnalysis", "FaarFieldAnalysis\FaarFieldAnalysis.vbproj", "{BC3720B2-C019-4216-8DF1-9A6FF91C7397}"
	ProjectSection(ProjectDependencies) = postProject
		{A6106882-F23E-4EE6-814D-2D7A45A6E2DD} = {A6106882-F23E-4EE6-814D-2D7A45A6E2DD}
	EndProjectSection
EndProject
Project("{F184B08F-C81C-45F6-A57F-5ABD9991F28F}") = "AMClassLib", "AMClassLib\AMClassLib.vbproj", "{A6106882-F23E-4EE6-814D-2D7A45A6E2DD}"
EndProject
Project("{F184B08F-C81C-45F6-A57F-5ABD9991F28F}") = "FAAMeshClassLib", "FAAMeshClassLib\FAAMeshClassLib.vbproj", "{25F8C881-0FF8-43D7-90EB-903CCB066943}"
EndProject
Project("{F184B08F-C81C-45F6-A57F-5ABD9991F28F}") = "FEMClassLib", "FEMClassLib\FEMClassLib.vbproj", "{8C23CBF8-9C32-47F3-A5AE-3672B935C486}"
EndProject
Project("{F184B08F-C81C-45F6-A57F-5ABD9991F28F}") = "LEAFClassLib", "LEAFClassLib\LEAFClassLib.vbproj", "{C12214C6-D7FC-4C18-8DE4-FF9B74920FD4}"
EndProject
Project("{F184B08F-C81C-45F6-A57F-5ABD9991F28F}") = "ACClassLib", "ACClassLib\ACClassLib.vbproj", "{81BE712B-13B6-4018-A274-5759E45BE2C0}"
EndProject
Project("{F184B08F-C81C-45F6-A57F-5ABD9991F28F}") = "ACRClassLib", "ACNClassLib\ACRClassLib.vbproj", "{DEE608EA-D0E4-49C8-BC9E-A0503BF25717}"
EndProject
Project("{F184B08F-C81C-45F6-A57F-5ABD9991F28F}") = "CreateSignedAircraftLibrary", "CreateSignedAircraftLibrary\CreateSignedAircraftLibrary.vbproj", "{664FECCD-2305-4A7B-8B37-C7433DBEF28C}"
EndProject
Project("{930C7802-8A8C-48F9-8165-68863BCCD9DD}") = "FAARFIELD.Installer", "FAARFIELD.Installer\FAARFIELD.Installer.wixproj", "{F91B9E26-A757-4634-B861-44E461CB682B}"
EndProject
Project("{F184B08F-C81C-45F6-A57F-5ABD9991F28F}") = "FAARFIELDUnitTests", "FAARFIELDUnitTests\FAARFIELDUnitTests.vbproj", "{5FC446ED-408E-49CB-AC31-5B3CFE28A327}"
EndProject
Global
	GlobalSection(SolutionConfigurationPlatforms) = preSolution
		Debug|Any CPU = Debug|Any CPU
		Debug|x86 = Debug|x86
		Release|Any CPU = Release|Any CPU
		Release|x86 = Release|x86
	EndGlobalSection
	GlobalSection(ProjectConfigurationPlatforms) = postSolution
		{7EC5190D-9418-40C8-80DA-8F684BDC8150}.Debug|Any CPU.ActiveCfg = Debug|Any CPU
		{7EC5190D-9418-40C8-80DA-8F684BDC8150}.Debug|Any CPU.Build.0 = Debug|Any CPU
		{7EC5190D-9418-40C8-80DA-8F684BDC8150}.Debug|x86.ActiveCfg = Debug|Any CPU
		{7EC5190D-9418-40C8-80DA-8F684BDC8150}.Debug|x86.Build.0 = Debug|Any CPU
		{7EC5190D-9418-40C8-80DA-8F684BDC8150}.Release|Any CPU.ActiveCfg = Release|Any CPU
		{7EC5190D-9418-40C8-80DA-8F684BDC8150}.Release|Any CPU.Build.0 = Release|Any CPU
		{7EC5190D-9418-40C8-80DA-8F684BDC8150}.Release|x86.ActiveCfg = Release|Any CPU
		{7EC5190D-9418-40C8-80DA-8F684BDC8150}.Release|x86.Build.0 = Release|Any CPU
		{F9D10D5E-DCFB-4393-B95B-EF6B57CE54FC}.Debug|Any CPU.ActiveCfg = Debug|Any CPU
		{F9D10D5E-DCFB-4393-B95B-EF6B57CE54FC}.Debug|Any CPU.Build.0 = Debug|Any CPU
		{F9D10D5E-DCFB-4393-B95B-EF6B57CE54FC}.Debug|x86.ActiveCfg = Debug|Any CPU
		{F9D10D5E-DCFB-4393-B95B-EF6B57CE54FC}.Debug|x86.Build.0 = Debug|Any CPU
		{F9D10D5E-DCFB-4393-B95B-EF6B57CE54FC}.Release|Any CPU.ActiveCfg = Release|Any CPU
		{F9D10D5E-DCFB-4393-B95B-EF6B57CE54FC}.Release|Any CPU.Build.0 = Release|Any CPU
		{F9D10D5E-DCFB-4393-B95B-EF6B57CE54FC}.Release|x86.ActiveCfg = Release|Any CPU
		{F9D10D5E-DCFB-4393-B95B-EF6B57CE54FC}.Release|x86.Build.0 = Release|Any CPU
		{BC3720B2-C019-4216-8DF1-9A6FF91C7397}.Debug|Any CPU.ActiveCfg = Debug|Any CPU
		{BC3720B2-C019-4216-8DF1-9A6FF91C7397}.Debug|Any CPU.Build.0 = Debug|Any CPU
		{BC3720B2-C019-4216-8DF1-9A6FF91C7397}.Debug|x86.ActiveCfg = Debug|Any CPU
		{BC3720B2-C019-4216-8DF1-9A6FF91C7397}.Debug|x86.Build.0 = Debug|Any CPU
		{BC3720B2-C019-4216-8DF1-9A6FF91C7397}.Release|Any CPU.ActiveCfg = Release|Any CPU
		{BC3720B2-C019-4216-8DF1-9A6FF91C7397}.Release|Any CPU.Build.0 = Release|Any CPU
		{BC3720B2-C019-4216-8DF1-9A6FF91C7397}.Release|x86.ActiveCfg = Release|Any CPU
		{BC3720B2-C019-4216-8DF1-9A6FF91C7397}.Release|x86.Build.0 = Release|Any CPU
		{A6106882-F23E-4EE6-814D-2D7A45A6E2DD}.Debug|Any CPU.ActiveCfg = Debug|Any CPU
		{A6106882-F23E-4EE6-814D-2D7A45A6E2DD}.Debug|Any CPU.Build.0 = Debug|Any CPU
		{A6106882-F23E-4EE6-814D-2D7A45A6E2DD}.Debug|x86.ActiveCfg = Debug|x86
		{A6106882-F23E-4EE6-814D-2D7A45A6E2DD}.Debug|x86.Build.0 = Debug|x86
		{A6106882-F23E-4EE6-814D-2D7A45A6E2DD}.Release|Any CPU.ActiveCfg = Release|Any CPU
		{A6106882-F23E-4EE6-814D-2D7A45A6E2DD}.Release|Any CPU.Build.0 = Release|Any CPU
		{A6106882-F23E-4EE6-814D-2D7A45A6E2DD}.Release|x86.ActiveCfg = Release|x86
		{A6106882-F23E-4EE6-814D-2D7A45A6E2DD}.Release|x86.Build.0 = Release|x86
		{25F8C881-0FF8-43D7-90EB-903CCB066943}.Debug|Any CPU.ActiveCfg = Debug|Any CPU
		{25F8C881-0FF8-43D7-90EB-903CCB066943}.Debug|Any CPU.Build.0 = Debug|Any CPU
		{25F8C881-0FF8-43D7-90EB-903CCB066943}.Debug|x86.ActiveCfg = Debug|x86
		{25F8C881-0FF8-43D7-90EB-903CCB066943}.Debug|x86.Build.0 = Debug|x86
		{25F8C881-0FF8-43D7-90EB-903CCB066943}.Release|Any CPU.ActiveCfg = Release|Any CPU
		{25F8C881-0FF8-43D7-90EB-903CCB066943}.Release|Any CPU.Build.0 = Release|Any CPU
		{25F8C881-0FF8-43D7-90EB-903CCB066943}.Release|x86.ActiveCfg = Release|x86
		{25F8C881-0FF8-43D7-90EB-903CCB066943}.Release|x86.Build.0 = Release|x86
		{8C23CBF8-9C32-47F3-A5AE-3672B935C486}.Debug|Any CPU.ActiveCfg = Debug|Any CPU
		{8C23CBF8-9C32-47F3-A5AE-3672B935C486}.Debug|Any CPU.Build.0 = Debug|Any CPU
		{8C23CBF8-9C32-47F3-A5AE-3672B935C486}.Debug|x86.ActiveCfg = Debug|Any CPU
		{8C23CBF8-9C32-47F3-A5AE-3672B935C486}.Debug|x86.Build.0 = Debug|Any CPU
		{8C23CBF8-9C32-47F3-A5AE-3672B935C486}.Release|Any CPU.ActiveCfg = Release|Any CPU
		{8C23CBF8-9C32-47F3-A5AE-3672B935C486}.Release|Any CPU.Build.0 = Release|Any CPU
		{8C23CBF8-9C32-47F3-A5AE-3672B935C486}.Release|x86.ActiveCfg = Release|Any CPU
		{8C23CBF8-9C32-47F3-A5AE-3672B935C486}.Release|x86.Build.0 = Release|Any CPU
		{C12214C6-D7FC-4C18-8DE4-FF9B74920FD4}.Debug|Any CPU.ActiveCfg = Debug|Any CPU
		{C12214C6-D7FC-4C18-8DE4-FF9B74920FD4}.Debug|Any CPU.Build.0 = Debug|Any CPU
		{C12214C6-D7FC-4C18-8DE4-FF9B74920FD4}.Debug|x86.ActiveCfg = Debug|x86
		{C12214C6-D7FC-4C18-8DE4-FF9B74920FD4}.Debug|x86.Build.0 = Debug|x86
		{C12214C6-D7FC-4C18-8DE4-FF9B74920FD4}.Release|Any CPU.ActiveCfg = Release|Any CPU
		{C12214C6-D7FC-4C18-8DE4-FF9B74920FD4}.Release|Any CPU.Build.0 = Release|Any CPU
		{C12214C6-D7FC-4C18-8DE4-FF9B74920FD4}.Release|x86.ActiveCfg = Release|x86
		{C12214C6-D7FC-4C18-8DE4-FF9B74920FD4}.Release|x86.Build.0 = Release|x86
		{81BE712B-13B6-4018-A274-5759E45BE2C0}.Debug|Any CPU.ActiveCfg = Debug|Any CPU
		{81BE712B-13B6-4018-A274-5759E45BE2C0}.Debug|Any CPU.Build.0 = Debug|Any CPU
		{81BE712B-13B6-4018-A274-5759E45BE2C0}.Debug|x86.ActiveCfg = Debug|x86
		{81BE712B-13B6-4018-A274-5759E45BE2C0}.Debug|x86.Build.0 = Debug|x86
		{81BE712B-13B6-4018-A274-5759E45BE2C0}.Release|Any CPU.ActiveCfg = Release|Any CPU
		{81BE712B-13B6-4018-A274-5759E45BE2C0}.Release|Any CPU.Build.0 = Release|Any CPU
		{81BE712B-13B6-4018-A274-5759E45BE2C0}.Release|x86.ActiveCfg = Release|x86
		{81BE712B-13B6-4018-A274-5759E45BE2C0}.Release|x86.Build.0 = Release|x86
		{DEE608EA-D0E4-49C8-BC9E-A0503BF25717}.Debug|Any CPU.ActiveCfg = Debug|Any CPU
		{DEE608EA-D0E4-49C8-BC9E-A0503BF25717}.Debug|Any CPU.Build.0 = Debug|Any CPU
		{DEE608EA-D0E4-49C8-BC9E-A0503BF25717}.Debug|x86.ActiveCfg = Debug|x86
		{DEE608EA-D0E4-49C8-BC9E-A0503BF25717}.Debug|x86.Build.0 = Debug|x86
		{DEE608EA-D0E4-49C8-BC9E-A0503BF25717}.Release|Any CPU.ActiveCfg = Release|Any CPU
		{DEE608EA-D0E4-49C8-BC9E-A0503BF25717}.Release|Any CPU.Build.0 = Release|Any CPU
		{DEE608EA-D0E4-49C8-BC9E-A0503BF25717}.Release|x86.ActiveCfg = Release|x86
		{DEE608EA-D0E4-49C8-BC9E-A0503BF25717}.Release|x86.Build.0 = Release|x86
		{664FECCD-2305-4A7B-8B37-C7433DBEF28C}.Debug|Any CPU.ActiveCfg = Debug|Any CPU
		{664FECCD-2305-4A7B-8B37-C7433DBEF28C}.Debug|x86.ActiveCfg = Debug|Any CPU
		{664FECCD-2305-4A7B-8B37-C7433DBEF28C}.Debug|x86.Build.0 = Debug|Any CPU
		{664FECCD-2305-4A7B-8B37-C7433DBEF28C}.Release|Any CPU.ActiveCfg = Release|Any CPU
		{664FECCD-2305-4A7B-8B37-C7433DBEF28C}.Release|Any CPU.Build.0 = Release|Any CPU
		{664FECCD-2305-4A7B-8B37-C7433DBEF28C}.Release|x86.ActiveCfg = Release|Any CPU
		{664FECCD-2305-4A7B-8B37-C7433DBEF28C}.Release|x86.Build.0 = Release|Any CPU
		{F91B9E26-A757-4634-B861-44E461CB682B}.Debug|Any CPU.ActiveCfg = Release|x86
		{F91B9E26-A757-4634-B861-44E461CB682B}.Debug|x86.ActiveCfg = Debug|x86
		{F91B9E26-A757-4634-B861-44E461CB682B}.Debug|x86.Build.0 = Debug|x86
		{F91B9E26-A757-4634-B861-44E461CB682B}.Release|Any CPU.ActiveCfg = Release|x86
		{F91B9E26-A757-4634-B861-44E461CB682B}.Release|x86.ActiveCfg = Release|x86
		{F91B9E26-A757-4634-B861-44E461CB682B}.Release|x86.Build.0 = Release|x86
		{5FC446ED-408E-49CB-AC31-5B3CFE28A327}.Debug|Any CPU.ActiveCfg = Debug|Any CPU
		{5FC446ED-408E-49CB-AC31-5B3CFE28A327}.Debug|Any CPU.Build.0 = Debug|Any CPU
		{5FC446ED-408E-49CB-AC31-5B3CFE28A327}.Debug|x86.ActiveCfg = Debug|Any CPU
		{5FC446ED-408E-49CB-AC31-5B3CFE28A327}.Debug|x86.Build.0 = Debug|Any CPU
		{5FC446ED-408E-49CB-AC31-5B3CFE28A327}.Release|Any CPU.ActiveCfg = Release|Any CPU
		{5FC446ED-408E-49CB-AC31-5B3CFE28A327}.Release|Any CPU.Build.0 = Release|Any CPU
		{5FC446ED-408E-49CB-AC31-5B3CFE28A327}.Release|x86.ActiveCfg = Release|Any CPU
		{5FC446ED-408E-49CB-AC31-5B3CFE28A327}.Release|x86.Build.0 = Release|Any CPU
	EndGlobalSection
	GlobalSection(SolutionProperties) = preSolution
		HideSolutionNode = FALSE
	EndGlobalSection
	GlobalSection(ExtensibilityGlobals) = postSolution
		SolutionGuid = {EFC2B148-0C9D-4D56-96F8-A28589F87554}
	EndGlobalSection
EndGlobal
